
Microsoft Visual Studio Solution File, Format Version 12.00
# Visual Studio Version 16
VisualStudioVersion = 16.0.32510.428
MinimumVisualStudioVersion = 10.0.40219.1
Project("{FAE04EC0-301F-11D3-BF4B-00C04F79EFBC}") = "Entities", "Entities\Entities.csproj", "{DBE09BD3-5EE8-4FCA-BCA1-CE8B204B12DD}"
EndProject
Project("{FAE04EC0-301F-11D3-BF4B-00C04F79EFBC}") = "RepositoryService", "RepositoryService\RepositoryService.csproj", "{045003ED-EB10-448D-9D67-6587A7FD45E5}"
EndProject
Project("{FAE04EC0-301F-11D3-BF4B-00C04F79EFBC}") = "DAL", "DAL\DAL.csproj", "{C0CA10DA-DC66-4012-A8A0-FFCE86B2C310}"
EndProject
Project("{FAE04EC0-301F-11D3-BF4B-00C04F79EFBC}") = "WeirdStreamer", "WeirdStreamer\WeirdStreamer.csproj", "{479298E3-68E3-451F-8D24-D91AF65F2D0D}"
EndProject
Project("{FAE04EC0-301F-11D3-BF4B-00C04F79EFBC}") = "Experiments", "Experiments\Experiments.csproj", "{E914A950-102E-47C0-BF8B-39A4EE3D893F}"
EndProject
Project("{FAE04EC0-301F-11D3-BF4B-00C04F79EFBC}") = "Enums", "Enums\Enums.csproj", "{A07DDBFC-B46A-4027-BD4D-C03F24E3A894}"
EndProject
Global
	GlobalSection(SolutionConfigurationPlatforms) = preSolution
		Debug|Any CPU = Debug|Any CPU
		Release|Any CPU = Release|Any CPU
	EndGlobalSection
	GlobalSection(ProjectConfigurationPlatforms) = postSolution
		{DBE09BD3-5EE8-4FCA-BCA1-CE8B204B12DD}.Debug|Any CPU.ActiveCfg = Debug|Any CPU
		{DBE09BD3-5EE8-4FCA-BCA1-CE8B204B12DD}.Debug|Any CPU.Build.0 = Debug|Any CPU
		{DBE09BD3-5EE8-4FCA-BCA1-CE8B204B12DD}.Release|Any CPU.ActiveCfg = Release|Any CPU
		{DBE09BD3-5EE8-4FCA-BCA1-CE8B204B12DD}.Release|Any CPU.Build.0 = Release|Any CPU
		{045003ED-EB10-448D-9D67-6587A7FD45E5}.Debug|Any CPU.ActiveCfg = Debug|Any CPU
		{045003ED-EB10-448D-9D67-6587A7FD45E5}.Debug|Any CPU.Build.0 = Debug|Any CPU
		{045003ED-EB10-448D-9D67-6587A7FD45E5}.Release|Any CPU.ActiveCfg = Release|Any CPU
		{045003ED-EB10-448D-9D67-6587A7FD45E5}.Release|Any CPU.Build.0 = Release|Any CPU
		{C0CA10DA-DC66-4012-A8A0-FFCE86B2C310}.Debug|Any CPU.ActiveCfg = Debug|Any CPU
		{C0CA10DA-DC66-4012-A8A0-FFCE86B2C310}.Debug|Any CPU.Build.0 = Debug|Any CPU
		{C0CA10DA-DC66-4012-A8A0-FFCE86B2C310}.Release|Any CPU.ActiveCfg = Release|Any CPU
		{C0CA10DA-DC66-4012-A8A0-FFCE86B2C310}.Release|Any CPU.Build.0 = Release|Any CPU
		{479298E3-68E3-451F-8D24-D91AF65F2D0D}.Debug|Any CPU.ActiveCfg = Debug|Any CPU
		{479298E3-68E3-451F-8D24-D91AF65F2D0D}.Debug|Any CPU.Build.0 = Debug|Any CPU
		{479298E3-68E3-451F-8D24-D91AF65F2D0D}.Release|Any CPU.ActiveCfg = Release|Any CPU
		{479298E3-68E3-451F-8D24-D91AF65F2D0D}.Release|Any CPU.Build.0 = Release|Any CPU
		{E914A950-102E-47C0-BF8B-39A4EE3D893F}.Debug|Any CPU.ActiveCfg = Debug|Any CPU
		{E914A950-102E-47C0-BF8B-39A4EE3D893F}.Debug|Any CPU.Build.0 = Debug|Any CPU
		{E914A950-102E-47C0-BF8B-39A4EE3D893F}.Release|Any CPU.ActiveCfg = Release|Any CPU
		{E914A950-102E-47C0-BF8B-39A4EE3D893F}.Release|Any CPU.Build.0 = Release|Any CPU
		{A07DDBFC-B46A-4027-BD4D-C03F24E3A894}.Debug|Any CPU.ActiveCfg = Debug|Any CPU
		{A07DDBFC-B46A-4027-BD4D-C03F24E3A894}.Debug|Any CPU.Build.0 = Debug|Any CPU
		{A07DDBFC-B46A-4027-BD4D-C03F24E3A894}.Release|Any CPU.ActiveCfg = Release|Any CPU
		{A07DDBFC-B46A-4027-BD4D-C03F24E3A894}.Release|Any CPU.Build.0 = Release|Any CPU
	EndGlobalSection
	GlobalSection(SolutionProperties) = preSolution
		HideSolutionNode = FALSE
	EndGlobalSection
	GlobalSection(ExtensibilityGlobals) = postSolution
		SolutionGuid = {83F7E8F3-B15A-4F08-960E-B3D291D63A4E}
	EndGlobalSection
EndGlobal
